<Solution>
  <Folder Name="/src/">
    <Project Path="src/ApiGateway/ApiGateway.csproj" />
  </Folder>
  <Folder Name="/src/BuildingBlocks/">
    <Project Path="src/BuildingBlocks/Contracts/Contracts.csproj" />
  </Folder>
  <Folder Name="/src/Services/" />
  <Folder Name="/src/Services/IamService/">
    <Project Path="src/Services/IamService/IamService.API/IamService.API.csproj" />
    <Project Path="src/Services/IamService/IamService.Application/IamService.Application.csproj" />
    <Project Path="src/Services/IamService/IamService.Domain/IamService.Domain.csproj" />
    <Project Path="src/Services/IamService/IamService.Infrastructure/IamService.Infrastructure.csproj" />
  </Folder>
</Solution>
